// !$*UTF8*$!
{
	archiveVersion = 1;
	classes = {
	};
	objectVersion = 46;
	objects = {

/* Begin PBXBuildFile section */
		0D3B8CA113DC08B1005898CD /* UACellBackgroundView.m in Sources */ = {isa = PBXBuildFile; fileRef = 0D3B8CA013DC08B1005898CD /* UACellBackgroundView.m */; };
		0D4D6ABF13DE3D7600F87B13 /* TapkuLibrary.bundle in Resources */ = {isa = PBXBuildFile; fileRef = 0D4D6ABE13DE3D7600F87B13 /* TapkuLibrary.bundle */; };
		0D4D6AC113DE3DAB00F87B13 /* QuartzCore.framework in Frameworks */ = {isa = PBXBuildFile; fileRef = 0D4D6AC013DE3DAB00F87B13 /* QuartzCore.framework */; };
		0D4D6AC313DE3DB300F87B13 /* MapKit.framework in Frameworks */ = {isa = PBXBuildFile; fileRef = 0D4D6AC213DE3DB300F87B13 /* MapKit.framework */; };
		0D4D6AC713DE3E1B00F87B13 /* libTapkuLibrary.a in Frameworks */ = {isa = PBXBuildFile; fileRef = 0D4D6AC613DE3E1B00F87B13 /* libTapkuLibrary.a */; };
		0D4D6AE213DE3FE600F87B13 /* LICENSE.txt in Resources */ = {isa = PBXBuildFile; fileRef = 0D4D6AC913DE3FE600F87B13 /* LICENSE.txt */; };
		0D4D6AE313DE3FE600F87B13 /* README.txt in Resources */ = {isa = PBXBuildFile; fileRef = 0D4D6ACA13DE3FE600F87B13 /* README.txt */; };
		0D4D6AE413DE3FE600F87B13 /* CDataScanner.m in Sources */ = {isa = PBXBuildFile; fileRef = 0D4D6ACD13DE3FE600F87B13 /* CDataScanner.m */; };
		0D4D6AE513DE3FE600F87B13 /* CDataScanner_Extensions.m in Sources */ = {isa = PBXBuildFile; fileRef = 0D4D6AD013DE3FE600F87B13 /* CDataScanner_Extensions.m */; };
		0D4D6AE613DE3FE600F87B13 /* NSCharacterSet_Extensions.m in Sources */ = {isa = PBXBuildFile; fileRef = 0D4D6AD213DE3FE600F87B13 /* NSCharacterSet_Extensions.m */; };
		0D4D6AE713DE3FE600F87B13 /* NSDictionary_JSONExtensions.m in Sources */ = {isa = PBXBuildFile; fileRef = 0D4D6AD413DE3FE600F87B13 /* NSDictionary_JSONExtensions.m */; };
		0D4D6AE813DE3FE600F87B13 /* NSScanner_Extensions.m in Sources */ = {isa = PBXBuildFile; fileRef = 0D4D6AD613DE3FE600F87B13 /* NSScanner_Extensions.m */; };
		0D4D6AE913DE3FE600F87B13 /* CJSONDataSerializer.m in Sources */ = {isa = PBXBuildFile; fileRef = 0D4D6AD913DE3FE600F87B13 /* CJSONDataSerializer.m */; };
		0D4D6AEA13DE3FE600F87B13 /* CJSONDeserializer.m in Sources */ = {isa = PBXBuildFile; fileRef = 0D4D6ADB13DE3FE600F87B13 /* CJSONDeserializer.m */; };
		0D4D6AEB13DE3FE600F87B13 /* CJSONScanner.m in Sources */ = {isa = PBXBuildFile; fileRef = 0D4D6ADD13DE3FE600F87B13 /* CJSONScanner.m */; };
		0D4D6AEC13DE3FE600F87B13 /* CJSONSerializer.m in Sources */ = {isa = PBXBuildFile; fileRef = 0D4D6ADF13DE3FE600F87B13 /* CJSONSerializer.m */; };
		0D4D6AED13DE3FE600F87B13 /* CSerializedJSONData.m in Sources */ = {isa = PBXBuildFile; fileRef = 0D4D6AE113DE3FE600F87B13 /* CSerializedJSONData.m */; };
		0D4D6B0413DE410800F87B13 /* ScenesCoverViewController.m in Sources */ = {isa = PBXBuildFile; fileRef = 0D4D6B0313DE410800F87B13 /* ScenesCoverViewController.m */; };
		0D8632CC13E8083200F934AF /* ListeningToolbar.m in Sources */ = {isa = PBXBuildFile; fileRef = 0D8632CB13E8083100F934AF /* ListeningToolbar.m */; };
		0D8632DF13E8383400F934AF /* ListeningVolumView.m in Sources */ = {isa = PBXBuildFile; fileRef = 0D8632DE13E8383400F934AF /* ListeningVolumView.m */; };
		0D8632E113E8386500F934AF /* ListeningVolumView.xib in Resources */ = {isa = PBXBuildFile; fileRef = 0D8632E013E8386500F934AF /* ListeningVolumView.xib */; };
		0D872D7713EE78BC00361672 /* DataBase in Resources */ = {isa = PBXBuildFile; fileRef = 0D872D7613EE78BC00361672 /* DataBase */; };
		0D872D7B13EE7A0B00361672 /* Database.m in Sources */ = {isa = PBXBuildFile; fileRef = 0D872D7A13EE7A0B00361672 /* Database.m */; };
		0D872D8513EE7DFF00361672 /* libsqlite3.0.dylib in Frameworks */ = {isa = PBXBuildFile; fileRef = 0D872D8413EE7DFF00361672 /* libsqlite3.0.dylib */; };
		0D8E162C13D471580005CD0F /* UIKit.framework in Frameworks */ = {isa = PBXBuildFile; fileRef = 0D8E162B13D471580005CD0F /* UIKit.framework */; };
		0D8E162E13D471580005CD0F /* Foundation.framework in Frameworks */ = {isa = PBXBuildFile; fileRef = 0D8E162D13D471580005CD0F /* Foundation.framework */; };
		0D8E163013D471580005CD0F /* CoreGraphics.framework in Frameworks */ = {isa = PBXBuildFile; fileRef = 0D8E162F13D471580005CD0F /* CoreGraphics.framework */; };
		0D8E163613D471580005CD0F /* InfoPlist.strings in Resources */ = {isa = PBXBuildFile; fileRef = 0D8E163413D471580005CD0F /* InfoPlist.strings */; };
		0D8E163913D471580005CD0F /* main.m in Sources */ = {isa = PBXBuildFile; fileRef = 0D8E163813D471580005CD0F /* main.m */; };
		0D8E163C13D471580005CD0F /* VoiceAppDelegate.m in Sources */ = {isa = PBXBuildFile; fileRef = 0D8E163B13D471580005CD0F /* VoiceAppDelegate.m */; };
		0D8E164013D471580005CD0F /* VoiceAppDelegate_iPhone.m in Sources */ = {isa = PBXBuildFile; fileRef = 0D8E163F13D471580005CD0F /* VoiceAppDelegate_iPhone.m */; };
		0D8E164313D471580005CD0F /* MainWindow_iPhone.xib in Resources */ = {isa = PBXBuildFile; fileRef = 0D8E164113D471580005CD0F /* MainWindow_iPhone.xib */; };
		0D8E164713D471580005CD0F /* VoiceAppDelegate_iPad.m in Sources */ = {isa = PBXBuildFile; fileRef = 0D8E164613D471580005CD0F /* VoiceAppDelegate_iPad.m */; };
		0D8E164A13D471580005CD0F /* MainWindow_iPad.xib in Resources */ = {isa = PBXBuildFile; fileRef = 0D8E164813D471580005CD0F /* MainWindow_iPad.xib */; };
		0D8E165113D471580005CD0F /* UIKit.framework in Frameworks */ = {isa = PBXBuildFile; fileRef = 0D8E162B13D471580005CD0F /* UIKit.framework */; };
		0D8E165213D471580005CD0F /* Foundation.framework in Frameworks */ = {isa = PBXBuildFile; fileRef = 0D8E162D13D471580005CD0F /* Foundation.framework */; };
		0D8E165313D471580005CD0F /* CoreGraphics.framework in Frameworks */ = {isa = PBXBuildFile; fileRef = 0D8E162F13D471580005CD0F /* CoreGraphics.framework */; };
		0D8E165B13D471580005CD0F /* InfoPlist.strings in Resources */ = {isa = PBXBuildFile; fileRef = 0D8E165913D471580005CD0F /* InfoPlist.strings */; };
		0D8E165E13D471580005CD0F /* VoiceTests.h in Resources */ = {isa = PBXBuildFile; fileRef = 0D8E165D13D471580005CD0F /* VoiceTests.h */; };
		0D8E166013D471580005CD0F /* VoiceTests.m in Sources */ = {isa = PBXBuildFile; fileRef = 0D8E165F13D471580005CD0F /* VoiceTests.m */; };
		0D8E167D13D471830005CD0F /* FavorViewController.m in Sources */ = {isa = PBXBuildFile; fileRef = 0D8E166C13D471830005CD0F /* FavorViewController.m */; };
		0D8E167E13D471830005CD0F /* FavorViewController.xib in Resources */ = {isa = PBXBuildFile; fileRef = 0D8E166D13D471830005CD0F /* FavorViewController.xib */; };
		0D8E167F13D471830005CD0F /* ListeningViewController.m in Sources */ = {isa = PBXBuildFile; fileRef = 0D8E167013D471830005CD0F /* ListeningViewController.m */; };
		0D8E168013D471830005CD0F /* ListeningViewController.xib in Resources */ = {isa = PBXBuildFile; fileRef = 0D8E167113D471830005CD0F /* ListeningViewController.xib */; };
		0D8E168113D471830005CD0F /* LessonsViewController.m in Sources */ = {isa = PBXBuildFile; fileRef = 0D8E167413D471830005CD0F /* LessonsViewController.m */; };
		0D8E168213D471830005CD0F /* LessonsViewController.xib in Resources */ = {isa = PBXBuildFile; fileRef = 0D8E167513D471830005CD0F /* LessonsViewController.xib */; };
		0D8E168313D471830005CD0F /* ScenesViewController.m in Sources */ = {isa = PBXBuildFile; fileRef = 0D8E167713D471830005CD0F /* ScenesViewController.m */; };
		0D8E168413D471830005CD0F /* ScenesViewController.xib in Resources */ = {isa = PBXBuildFile; fileRef = 0D8E167813D471830005CD0F /* ScenesViewController.xib */; };
		0D8E168513D471830005CD0F /* SettingViewController.m in Sources */ = {isa = PBXBuildFile; fileRef = 0D8E167B13D471830005CD0F /* SettingViewController.m */; };
		0D8E168613D471830005CD0F /* SettingViewController.xib in Resources */ = {isa = PBXBuildFile; fileRef = 0D8E167C13D471830005CD0F /* SettingViewController.xib */; };
		0D90ABD513D69F2C005FA104 /* Data in Resources */ = {isa = PBXBuildFile; fileRef = 0D90AA2F13D69F2C005FA104 /* Data */; };
		0D90ABD613D69F2C005FA104 /* Image in Resources */ = {isa = PBXBuildFile; fileRef = 0D90ABD213D69F2C005FA104 /* Image */; };
		0DC0218F13E45825007170F3 /* BubbleCell.m in Sources */ = {isa = PBXBuildFile; fileRef = 0DC0218D13E45825007170F3 /* BubbleCell.m */; };
		E222057C13D5B89F006BA2A4 /* Course.m in Sources */ = {isa = PBXBuildFile; fileRef = E222056E13D5B89F006BA2A4 /* Course.m */; };
		E222057D13D5B89F006BA2A4 /* CourseParser.m in Sources */ = {isa = PBXBuildFile; fileRef = E222057013D5B89F006BA2A4 /* CourseParser.m */; };
		E222057E13D5B89F006BA2A4 /* Lesson.m in Sources */ = {isa = PBXBuildFile; fileRef = E222057213D5B89F006BA2A4 /* Lesson.m */; };
		E222057F13D5B89F006BA2A4 /* Sentence.m in Sources */ = {isa = PBXBuildFile; fileRef = E222057413D5B89F006BA2A4 /* Sentence.m */; };
		E222058013D5B89F006BA2A4 /* NSDataAdditions.m in Sources */ = {isa = PBXBuildFile; fileRef = E222057713D5B89F006BA2A4 /* NSDataAdditions.m */; };
		E222058113D5B89F006BA2A4 /* TBXML.m in Sources */ = {isa = PBXBuildFile; fileRef = E222057913D5B89F006BA2A4 /* TBXML.m */; };
		E222058213D5B89F006BA2A4 /* Teacher.m in Sources */ = {isa = PBXBuildFile; fileRef = E222057B13D5B89F006BA2A4 /* Teacher.m */; };
		E222058413D5B9CA006BA2A4 /* AVFoundation.framework in Frameworks */ = {isa = PBXBuildFile; fileRef = E222058313D5B9CA006BA2A4 /* AVFoundation.framework */; };
/* End PBXBuildFile section */

/* Begin PBXContainerItemProxy section */
		0D4D6AC413DE3DFE00F87B13 /* PBXContainerItemProxy */ = {
			isa = PBXContainerItemProxy;
			containerPortal = 0DD5618913DE3D2800F928E6 /* TapkuLibrary.xcodeproj */;
			proxyType = 1;
			remoteGlobalIDString = D2AAC07D0554694100DB518D;
			remoteInfo = TapkuLibrary;
		};
		0D8E165413D471580005CD0F /* PBXContainerItemProxy */ = {
			isa = PBXContainerItemProxy;
			containerPortal = 0D8E161E13D471580005CD0F /* Project object */;
			proxyType = 1;
			remoteGlobalIDString = 0D8E162613D471580005CD0F;
			remoteInfo = Voice;
		};
		0DD5619113DE3D2900F928E6 /* PBXContainerItemProxy */ = {
			isa = PBXContainerItemProxy;
			containerPortal = 0DD5618913DE3D2800F928E6 /* TapkuLibrary.xcodeproj */;
			proxyType = 2;
			remoteGlobalIDString = D2AAC07E0554694100DB518D;
			remoteInfo = TapkuLibrary;
		};
		0DD5619313DE3D2900F928E6 /* PBXContainerItemProxy */ = {
			isa = PBXContainerItemProxy;
			containerPortal = 0DD5618913DE3D2800F928E6 /* TapkuLibrary.xcodeproj */;
			proxyType = 2;
			remoteGlobalIDString = 3B45DDF1134C736600D24C1A;
			remoteInfo = LogicTests;
		};
/* End PBXContainerItemProxy section */

/* Begin PBXFileReference section */
		0D3B8C9F13DC08B1005898CD /* UACellBackgroundView.h */ = {isa = PBXFileReference; fileEncoding = 4; lastKnownFileType = sourcecode.c.h; name = UACellBackgroundView.h; path = Cells/UACellBackgroundView.h; sourceTree = "<group>"; };
		0D3B8CA013DC08B1005898CD /* UACellBackgroundView.m */ = {isa = PBXFileReference; fileEncoding = 4; lastKnownFileType = sourcecode.c.objc; name = UACellBackgroundView.m; path = Cells/UACellBackgroundView.m; sourceTree = "<group>"; };
		0D4D6ABE13DE3D7600F87B13 /* TapkuLibrary.bundle */ = {isa = PBXFileReference; lastKnownFileType = "wrapper.plug-in"; name = TapkuLibrary.bundle; path = Voice/TapKu/TapkuLibrary.bundle; sourceTree = SOURCE_ROOT; };
		0D4D6AC013DE3DAB00F87B13 /* QuartzCore.framework */ = {isa = PBXFileReference; lastKnownFileType = wrapper.framework; name = QuartzCore.framework; path = System/Library/Frameworks/QuartzCore.framework; sourceTree = SDKROOT; };
		0D4D6AC213DE3DB300F87B13 /* MapKit.framework */ = {isa = PBXFileReference; lastKnownFileType = wrapper.framework; name = MapKit.framework; path = System/Library/Frameworks/MapKit.framework; sourceTree = SDKROOT; };
		0D4D6AC613DE3E1B00F87B13 /* libTapkuLibrary.a */ = {isa = PBXFileReference; explicitFileType = archive.ar; path = libTapkuLibrary.a; sourceTree = SOURCE_ROOT; };
		0D4D6AC913DE3FE600F87B13 /* LICENSE.txt */ = {isa = PBXFileReference; fileEncoding = 4; lastKnownFileType = text; path = LICENSE.txt; sourceTree = "<group>"; };
		0D4D6ACA13DE3FE600F87B13 /* README.txt */ = {isa = PBXFileReference; fileEncoding = 4; lastKnownFileType = text; path = README.txt; sourceTree = "<group>"; };
		0D4D6ACC13DE3FE600F87B13 /* CDataScanner.h */ = {isa = PBXFileReference; fileEncoding = 4; lastKnownFileType = sourcecode.c.h; path = CDataScanner.h; sourceTree = "<group>"; };
		0D4D6ACD13DE3FE600F87B13 /* CDataScanner.m */ = {isa = PBXFileReference; fileEncoding = 4; lastKnownFileType = sourcecode.c.objc; path = CDataScanner.m; sourceTree = "<group>"; };
		0D4D6ACF13DE3FE600F87B13 /* CDataScanner_Extensions.h */ = {isa = PBXFileReference; fileEncoding = 4; lastKnownFileType = sourcecode.c.h; path = CDataScanner_Extensions.h; sourceTree = "<group>"; };
		0D4D6AD013DE3FE600F87B13 /* CDataScanner_Extensions.m */ = {isa = PBXFileReference; fileEncoding = 4; lastKnownFileType = sourcecode.c.objc; path = CDataScanner_Extensions.m; sourceTree = "<group>"; };
		0D4D6AD113DE3FE600F87B13 /* NSCharacterSet_Extensions.h */ = {isa = PBXFileReference; fileEncoding = 4; lastKnownFileType = sourcecode.c.h; path = NSCharacterSet_Extensions.h; sourceTree = "<group>"; };
		0D4D6AD213DE3FE600F87B13 /* NSCharacterSet_Extensions.m */ = {isa = PBXFileReference; fileEncoding = 4; lastKnownFileType = sourcecode.c.objc; path = NSCharacterSet_Extensions.m; sourceTree = "<group>"; };
		0D4D6AD313DE3FE600F87B13 /* NSDictionary_JSONExtensions.h */ = {isa = PBXFileReference; fileEncoding = 4; lastKnownFileType = sourcecode.c.h; path = NSDictionary_JSONExtensions.h; sourceTree = "<group>"; };
		0D4D6AD413DE3FE600F87B13 /* NSDictionary_JSONExtensions.m */ = {isa = PBXFileReference; fileEncoding = 4; lastKnownFileType = sourcecode.c.objc; path = NSDictionary_JSONExtensions.m; sourceTree = "<group>"; };
		0D4D6AD513DE3FE600F87B13 /* NSScanner_Extensions.h */ = {isa = PBXFileReference; fileEncoding = 4; lastKnownFileType = sourcecode.c.h; path = NSScanner_Extensions.h; sourceTree = "<group>"; };
		0D4D6AD613DE3FE600F87B13 /* NSScanner_Extensions.m */ = {isa = PBXFileReference; fileEncoding = 4; lastKnownFileType = sourcecode.c.objc; path = NSScanner_Extensions.m; sourceTree = "<group>"; };
		0D4D6AD813DE3FE600F87B13 /* CJSONDataSerializer.h */ = {isa = PBXFileReference; fileEncoding = 4; lastKnownFileType = sourcecode.c.h; path = CJSONDataSerializer.h; sourceTree = "<group>"; };
		0D4D6AD913DE3FE600F87B13 /* CJSONDataSerializer.m */ = {isa = PBXFileReference; fileEncoding = 4; lastKnownFileType = sourcecode.c.objc; path = CJSONDataSerializer.m; sourceTree = "<group>"; };
		0D4D6ADA13DE3FE600F87B13 /* CJSONDeserializer.h */ = {isa = PBXFileReference; fileEncoding = 4; lastKnownFileType = sourcecode.c.h; path = CJSONDeserializer.h; sourceTree = "<group>"; };
		0D4D6ADB13DE3FE600F87B13 /* CJSONDeserializer.m */ = {isa = PBXFileReference; fileEncoding = 4; lastKnownFileType = sourcecode.c.objc; path = CJSONDeserializer.m; sourceTree = "<group>"; };
		0D4D6ADC13DE3FE600F87B13 /* CJSONScanner.h */ = {isa = PBXFileReference; fileEncoding = 4; lastKnownFileType = sourcecode.c.h; path = CJSONScanner.h; sourceTree = "<group>"; };
		0D4D6ADD13DE3FE600F87B13 /* CJSONScanner.m */ = {isa = PBXFileReference; fileEncoding = 4; lastKnownFileType = sourcecode.c.objc; path = CJSONScanner.m; sourceTree = "<group>"; };
		0D4D6ADE13DE3FE600F87B13 /* CJSONSerializer.h */ = {isa = PBXFileReference; fileEncoding = 4; lastKnownFileType = sourcecode.c.h; path = CJSONSerializer.h; sourceTree = "<group>"; };
		0D4D6ADF13DE3FE600F87B13 /* CJSONSerializer.m */ = {isa = PBXFileReference; fileEncoding = 4; lastKnownFileType = sourcecode.c.objc; path = CJSONSerializer.m; sourceTree = "<group>"; };
		0D4D6AE013DE3FE600F87B13 /* CSerializedJSONData.h */ = {isa = PBXFileReference; fileEncoding = 4; lastKnownFileType = sourcecode.c.h; path = CSerializedJSONData.h; sourceTree = "<group>"; };
		0D4D6AE113DE3FE600F87B13 /* CSerializedJSONData.m */ = {isa = PBXFileReference; fileEncoding = 4; lastKnownFileType = sourcecode.c.objc; path = CSerializedJSONData.m; sourceTree = "<group>"; };
		0D4D6B0213DE410800F87B13 /* ScenesCoverViewController.h */ = {isa = PBXFileReference; fileEncoding = 4; lastKnownFileType = sourcecode.c.h; path = ScenesCoverViewController.h; sourceTree = "<group>"; };
		0D4D6B0313DE410800F87B13 /* ScenesCoverViewController.m */ = {isa = PBXFileReference; fileEncoding = 4; lastKnownFileType = sourcecode.c.objc; path = ScenesCoverViewController.m; sourceTree = "<group>"; };
		0D8632CA13E8083100F934AF /* ListeningToolbar.h */ = {isa = PBXFileReference; fileEncoding = 4; lastKnownFileType = sourcecode.c.h; path = ListeningToolbar.h; sourceTree = "<group>"; };
		0D8632CB13E8083100F934AF /* ListeningToolbar.m */ = {isa = PBXFileReference; fileEncoding = 4; lastKnownFileType = sourcecode.c.objc; path = ListeningToolbar.m; sourceTree = "<group>"; };
		0D8632DD13E8383300F934AF /* ListeningVolumView.h */ = {isa = PBXFileReference; fileEncoding = 4; lastKnownFileType = sourcecode.c.h; path = ListeningVolumView.h; sourceTree = "<group>"; };
		0D8632DE13E8383400F934AF /* ListeningVolumView.m */ = {isa = PBXFileReference; fileEncoding = 4; lastKnownFileType = sourcecode.c.objc; path = ListeningVolumView.m; sourceTree = "<group>"; };
		0D8632E013E8386500F934AF /* ListeningVolumView.xib */ = {isa = PBXFileReference; fileEncoding = 4; lastKnownFileType = file.xib; path = ListeningVolumView.xib; sourceTree = "<group>"; };
		0D872D7613EE78BC00361672 /* DataBase */ = {isa = PBXFileReference; lastKnownFileType = folder; name = DataBase; path = Voice/Resources/DataBase; sourceTree = "<group>"; };
		0D872D7913EE7A0B00361672 /* Database.h */ = {isa = PBXFileReference; fileEncoding = 4; lastKnownFileType = sourcecode.c.h; name = Database.h; path = Database/Database.h; sourceTree = "<group>"; };
		0D872D7A13EE7A0B00361672 /* Database.m */ = {isa = PBXFileReference; fileEncoding = 4; lastKnownFileType = sourcecode.c.objc; name = Database.m; path = Database/Database.m; sourceTree = "<group>"; };
		0D872D8413EE7DFF00361672 /* libsqlite3.0.dylib */ = {isa = PBXFileReference; lastKnownFileType = "compiled.mach-o.dylib"; name = libsqlite3.0.dylib; path = usr/lib/libsqlite3.0.dylib; sourceTree = SDKROOT; };
		0D8E162713D471580005CD0F /* Voice.app */ = {isa = PBXFileReference; explicitFileType = wrapper.application; includeInIndex = 0; path = Voice.app; sourceTree = BUILT_PRODUCTS_DIR; };
		0D8E162B13D471580005CD0F /* UIKit.framework */ = {isa = PBXFileReference; lastKnownFileType = wrapper.framework; name = UIKit.framework; path = System/Library/Frameworks/UIKit.framework; sourceTree = SDKROOT; };
		0D8E162D13D471580005CD0F /* Foundation.framework */ = {isa = PBXFileReference; lastKnownFileType = wrapper.framework; name = Foundation.framework; path = System/Library/Frameworks/Foundation.framework; sourceTree = SDKROOT; };
		0D8E162F13D471580005CD0F /* CoreGraphics.framework */ = {isa = PBXFileReference; lastKnownFileType = wrapper.framework; name = CoreGraphics.framework; path = System/Library/Frameworks/CoreGraphics.framework; sourceTree = SDKROOT; };
		0D8E163313D471580005CD0F /* Voice-Info.plist */ = {isa = PBXFileReference; lastKnownFileType = text.plist.xml; path = "Voice-Info.plist"; sourceTree = "<group>"; };
		0D8E163513D471580005CD0F /* en */ = {isa = PBXFileReference; lastKnownFileType = text.plist.strings; name = en; path = en.lproj/InfoPlist.strings; sourceTree = "<group>"; };
		0D8E163713D471580005CD0F /* Voice-Prefix.pch */ = {isa = PBXFileReference; lastKnownFileType = sourcecode.c.h; path = "Voice-Prefix.pch"; sourceTree = "<group>"; };
		0D8E163813D471580005CD0F /* main.m */ = {isa = PBXFileReference; lastKnownFileType = sourcecode.c.objc; path = main.m; sourceTree = "<group>"; };
		0D8E163A13D471580005CD0F /* VoiceAppDelegate.h */ = {isa = PBXFileReference; lastKnownFileType = sourcecode.c.h; path = VoiceAppDelegate.h; sourceTree = "<group>"; };
		0D8E163B13D471580005CD0F /* VoiceAppDelegate.m */ = {isa = PBXFileReference; lastKnownFileType = sourcecode.c.objc; path = VoiceAppDelegate.m; sourceTree = "<group>"; };
		0D8E163E13D471580005CD0F /* VoiceAppDelegate_iPhone.h */ = {isa = PBXFileReference; lastKnownFileType = sourcecode.c.h; name = VoiceAppDelegate_iPhone.h; path = iPhone/VoiceAppDelegate_iPhone.h; sourceTree = "<group>"; };
		0D8E163F13D471580005CD0F /* VoiceAppDelegate_iPhone.m */ = {isa = PBXFileReference; lastKnownFileType = sourcecode.c.objc; name = VoiceAppDelegate_iPhone.m; path = iPhone/VoiceAppDelegate_iPhone.m; sourceTree = "<group>"; };
		0D8E164213D471580005CD0F /* en */ = {isa = PBXFileReference; lastKnownFileType = file.xib; name = en; path = iPhone/en.lproj/MainWindow_iPhone.xib; sourceTree = "<group>"; };
		0D8E164513D471580005CD0F /* VoiceAppDelegate_iPad.h */ = {isa = PBXFileReference; lastKnownFileType = sourcecode.c.h; name = VoiceAppDelegate_iPad.h; path = iPad/VoiceAppDelegate_iPad.h; sourceTree = "<group>"; };
		0D8E164613D471580005CD0F /* VoiceAppDelegate_iPad.m */ = {isa = PBXFileReference; lastKnownFileType = sourcecode.c.objc; name = VoiceAppDelegate_iPad.m; path = iPad/VoiceAppDelegate_iPad.m; sourceTree = "<group>"; };
		0D8E164913D471580005CD0F /* en */ = {isa = PBXFileReference; lastKnownFileType = file.xib; name = en; path = iPad/en.lproj/MainWindow_iPad.xib; sourceTree = "<group>"; };
		0D8E165013D471580005CD0F /* VoiceTests.octest */ = {isa = PBXFileReference; explicitFileType = wrapper.cfbundle; includeInIndex = 0; path = VoiceTests.octest; sourceTree = BUILT_PRODUCTS_DIR; };
		0D8E165813D471580005CD0F /* VoiceTests-Info.plist */ = {isa = PBXFileReference; lastKnownFileType = text.plist.xml; path = "VoiceTests-Info.plist"; sourceTree = "<group>"; };
		0D8E165A13D471580005CD0F /* en */ = {isa = PBXFileReference; lastKnownFileType = text.plist.strings; name = en; path = en.lproj/InfoPlist.strings; sourceTree = "<group>"; };
		0D8E165C13D471580005CD0F /* VoiceTests-Prefix.pch */ = {isa = PBXFileReference; lastKnownFileType = sourcecode.c.h; path = "VoiceTests-Prefix.pch"; sourceTree = "<group>"; };
		0D8E165D13D471580005CD0F /* VoiceTests.h */ = {isa = PBXFileReference; lastKnownFileType = sourcecode.c.h; path = VoiceTests.h; sourceTree = "<group>"; };
		0D8E165F13D471580005CD0F /* VoiceTests.m */ = {isa = PBXFileReference; lastKnownFileType = sourcecode.c.objc; path = VoiceTests.m; sourceTree = "<group>"; };
		0D8E166B13D471830005CD0F /* FavorViewController.h */ = {isa = PBXFileReference; fileEncoding = 4; lastKnownFileType = sourcecode.c.h; path = FavorViewController.h; sourceTree = "<group>"; };
		0D8E166C13D471830005CD0F /* FavorViewController.m */ = {isa = PBXFileReference; fileEncoding = 4; lastKnownFileType = sourcecode.c.objc; path = FavorViewController.m; sourceTree = "<group>"; };
		0D8E166D13D471830005CD0F /* FavorViewController.xib */ = {isa = PBXFileReference; fileEncoding = 4; lastKnownFileType = file.xib; path = FavorViewController.xib; sourceTree = "<group>"; };
		0D8E166F13D471830005CD0F /* ListeningViewController.h */ = {isa = PBXFileReference; fileEncoding = 4; lastKnownFileType = sourcecode.c.h; path = ListeningViewController.h; sourceTree = "<group>"; };
		0D8E167013D471830005CD0F /* ListeningViewController.m */ = {isa = PBXFileReference; fileEncoding = 4; lastKnownFileType = sourcecode.c.objc; path = ListeningViewController.m; sourceTree = "<group>"; };
		0D8E167113D471830005CD0F /* ListeningViewController.xib */ = {isa = PBXFileReference; fileEncoding = 4; lastKnownFileType = file.xib; path = ListeningViewController.xib; sourceTree = "<group>"; };
		0D8E167313D471830005CD0F /* LessonsViewController.h */ = {isa = PBXFileReference; fileEncoding = 4; lastKnownFileType = sourcecode.c.h; path = LessonsViewController.h; sourceTree = "<group>"; };
		0D8E167413D471830005CD0F /* LessonsViewController.m */ = {isa = PBXFileReference; fileEncoding = 4; lastKnownFileType = sourcecode.c.objc; path = LessonsViewController.m; sourceTree = "<group>"; };
		0D8E167513D471830005CD0F /* LessonsViewController.xib */ = {isa = PBXFileReference; fileEncoding = 4; lastKnownFileType = file.xib; path = LessonsViewController.xib; sourceTree = "<group>"; };
		0D8E167613D471830005CD0F /* ScenesViewController.h */ = {isa = PBXFileReference; fileEncoding = 4; lastKnownFileType = sourcecode.c.h; path = ScenesViewController.h; sourceTree = "<group>"; };
		0D8E167713D471830005CD0F /* ScenesViewController.m */ = {isa = PBXFileReference; fileEncoding = 4; lastKnownFileType = sourcecode.c.objc; path = ScenesViewController.m; sourceTree = "<group>"; };
		0D8E167813D471830005CD0F /* ScenesViewController.xib */ = {isa = PBXFileReference; fileEncoding = 4; lastKnownFileType = file.xib; path = ScenesViewController.xib; sourceTree = "<group>"; };
		0D8E167A13D471830005CD0F /* SettingViewController.h */ = {isa = PBXFileReference; fileEncoding = 4; lastKnownFileType = sourcecode.c.h; path = SettingViewController.h; sourceTree = "<group>"; };
		0D8E167B13D471830005CD0F /* SettingViewController.m */ = {isa = PBXFileReference; fileEncoding = 4; lastKnownFileType = sourcecode.c.objc; path = SettingViewController.m; sourceTree = "<group>"; };
		0D8E167C13D471830005CD0F /* SettingViewController.xib */ = {isa = PBXFileReference; fileEncoding = 4; lastKnownFileType = file.xib; path = SettingViewController.xib; sourceTree = "<group>"; };
		0D90AA2F13D69F2C005FA104 /* Data */ = {isa = PBXFileReference; lastKnownFileType = folder; name = Data; path = Voice/Resources/Data; sourceTree = "<group>"; };
		0D90ABD213D69F2C005FA104 /* Image */ = {isa = PBXFileReference; lastKnownFileType = folder; name = Image; path = Voice/Resources/Image; sourceTree = "<group>"; };
		0DC0218D13E45825007170F3 /* BubbleCell.m */ = {isa = PBXFileReference; fileEncoding = 4; lastKnownFileType = sourcecode.c.objc; name = BubbleCell.m; path = Cells/BubbleCell.m; sourceTree = "<group>"; };
		0DC0218E13E45825007170F3 /* BubbleCell.h */ = {isa = PBXFileReference; fileEncoding = 4; lastKnownFileType = sourcecode.c.h; name = BubbleCell.h; path = Cells/BubbleCell.h; sourceTree = "<group>"; };
		0DD5618913DE3D2800F928E6 /* TapkuLibrary.xcodeproj */ = {isa = PBXFileReference; lastKnownFileType = "wrapper.pb-project"; name = TapkuLibrary.xcodeproj; path = Voice/TapKu/TapkuLibrary.xcodeproj; sourceTree = "<group>"; };
		E222056D13D5B89F006BA2A4 /* Course.h */ = {isa = PBXFileReference; fileEncoding = 4; lastKnownFileType = sourcecode.c.h; path = Course.h; sourceTree = "<group>"; };
		E222056E13D5B89F006BA2A4 /* Course.m */ = {isa = PBXFileReference; fileEncoding = 4; lastKnownFileType = sourcecode.c.objc; path = Course.m; sourceTree = "<group>"; };
		E222056F13D5B89F006BA2A4 /* CourseParser.h */ = {isa = PBXFileReference; fileEncoding = 4; lastKnownFileType = sourcecode.c.h; path = CourseParser.h; sourceTree = "<group>"; };
		E222057013D5B89F006BA2A4 /* CourseParser.m */ = {isa = PBXFileReference; fileEncoding = 4; lastKnownFileType = sourcecode.c.objc; path = CourseParser.m; sourceTree = "<group>"; };
		E222057113D5B89F006BA2A4 /* Lesson.h */ = {isa = PBXFileReference; fileEncoding = 4; lastKnownFileType = sourcecode.c.h; path = Lesson.h; sourceTree = "<group>"; };
		E222057213D5B89F006BA2A4 /* Lesson.m */ = {isa = PBXFileReference; fileEncoding = 4; lastKnownFileType = sourcecode.c.objc; path = Lesson.m; sourceTree = "<group>"; };
		E222057313D5B89F006BA2A4 /* Sentence.h */ = {isa = PBXFileReference; fileEncoding = 4; lastKnownFileType = sourcecode.c.h; path = Sentence.h; sourceTree = "<group>"; };
		E222057413D5B89F006BA2A4 /* Sentence.m */ = {isa = PBXFileReference; fileEncoding = 4; lastKnownFileType = sourcecode.c.objc; path = Sentence.m; sourceTree = "<group>"; };
		E222057613D5B89F006BA2A4 /* NSDataAdditions.h */ = {isa = PBXFileReference; fileEncoding = 4; lastKnownFileType = sourcecode.c.h; path = NSDataAdditions.h; sourceTree = "<group>"; };
		E222057713D5B89F006BA2A4 /* NSDataAdditions.m */ = {isa = PBXFileReference; fileEncoding = 4; lastKnownFileType = sourcecode.c.objc; path = NSDataAdditions.m; sourceTree = "<group>"; };
		E222057813D5B89F006BA2A4 /* TBXML.h */ = {isa = PBXFileReference; fileEncoding = 4; lastKnownFileType = sourcecode.c.h; path = TBXML.h; sourceTree = "<group>"; };
		E222057913D5B89F006BA2A4 /* TBXML.m */ = {isa = PBXFileReference; fileEncoding = 4; lastKnownFileType = sourcecode.c.objc; path = TBXML.m; sourceTree = "<group>"; };
		E222057A13D5B89F006BA2A4 /* Teacher.h */ = {isa = PBXFileReference; fileEncoding = 4; lastKnownFileType = sourcecode.c.h; path = Teacher.h; sourceTree = "<group>"; };
		E222057B13D5B89F006BA2A4 /* Teacher.m */ = {isa = PBXFileReference; fileEncoding = 4; lastKnownFileType = sourcecode.c.objc; path = Teacher.m; sourceTree = "<group>"; };
		E222058313D5B9CA006BA2A4 /* AVFoundation.framework */ = {isa = PBXFileReference; lastKnownFileType = wrapper.framework; name = AVFoundation.framework; path = System/Library/Frameworks/AVFoundation.framework; sourceTree = SDKROOT; };
/* End PBXFileReference section */

/* Begin PBXFrameworksBuildPhase section */
		0D8E162413D471580005CD0F /* Frameworks */ = {
			isa = PBXFrameworksBuildPhase;
			buildActionMask = 2147483647;
			files = (
				0D872D8513EE7DFF00361672 /* libsqlite3.0.dylib in Frameworks */,
				0D4D6AC713DE3E1B00F87B13 /* libTapkuLibrary.a in Frameworks */,
				0D4D6AC313DE3DB300F87B13 /* MapKit.framework in Frameworks */,
				0D4D6AC113DE3DAB00F87B13 /* QuartzCore.framework in Frameworks */,
				E222058413D5B9CA006BA2A4 /* AVFoundation.framework in Frameworks */,
				0D8E162C13D471580005CD0F /* UIKit.framework in Frameworks */,
				0D8E162E13D471580005CD0F /* Foundation.framework in Frameworks */,
				0D8E163013D471580005CD0F /* CoreGraphics.framework in Frameworks */,
			);
			runOnlyForDeploymentPostprocessing = 0;
		};
		0D8E164C13D471580005CD0F /* Frameworks */ = {
			isa = PBXFrameworksBuildPhase;
			buildActionMask = 2147483647;
			files = (
				0D8E165113D471580005CD0F /* UIKit.framework in Frameworks */,
				0D8E165213D471580005CD0F /* Foundation.framework in Frameworks */,
				0D8E165313D471580005CD0F /* CoreGraphics.framework in Frameworks */,
			);
			runOnlyForDeploymentPostprocessing = 0;
		};
/* End PBXFrameworksBuildPhase section */

/* Begin PBXGroup section */
		0D3B8C9E13DC0892005898CD /* Cells */ = {
			isa = PBXGroup;
			children = (
				0DC0218E13E45825007170F3 /* BubbleCell.h */,
				0DC0218D13E45825007170F3 /* BubbleCell.m */,
				0D3B8C9F13DC08B1005898CD /* UACellBackgroundView.h */,
				0D3B8CA013DC08B1005898CD /* UACellBackgroundView.m */,
			);
			name = Cells;
			sourceTree = "<group>";
		};
		0D4D6AC813DE3FE600F87B13 /* TouchJSON */ = {
			isa = PBXGroup;
			children = (
				0D4D6AC913DE3FE600F87B13 /* LICENSE.txt */,
				0D4D6ACA13DE3FE600F87B13 /* README.txt */,
				0D4D6ACB13DE3FE600F87B13 /* Source */,
			);
			name = TouchJSON;
			path = Voice/TapKu/Frameworks/TouchJSON;
			sourceTree = "<group>";
		};
		0D4D6ACB13DE3FE600F87B13 /* Source */ = {
			isa = PBXGroup;
			children = (
				0D4D6ACC13DE3FE600F87B13 /* CDataScanner.h */,
				0D4D6ACD13DE3FE600F87B13 /* CDataScanner.m */,
				0D4D6ACE13DE3FE600F87B13 /* Extensions */,
				0D4D6AD713DE3FE600F87B13 /* JSON */,
			);
			path = Source;
			sourceTree = "<group>";
		};
		0D4D6ACE13DE3FE600F87B13 /* Extensions */ = {
			isa = PBXGroup;
			children = (
				0D4D6ACF13DE3FE600F87B13 /* CDataScanner_Extensions.h */,
				0D4D6AD013DE3FE600F87B13 /* CDataScanner_Extensions.m */,
				0D4D6AD113DE3FE600F87B13 /* NSCharacterSet_Extensions.h */,
				0D4D6AD213DE3FE600F87B13 /* NSCharacterSet_Extensions.m */,
				0D4D6AD313DE3FE600F87B13 /* NSDictionary_JSONExtensions.h */,
				0D4D6AD413DE3FE600F87B13 /* NSDictionary_JSONExtensions.m */,
				0D4D6AD513DE3FE600F87B13 /* NSScanner_Extensions.h */,
				0D4D6AD613DE3FE600F87B13 /* NSScanner_Extensions.m */,
			);
			path = Extensions;
			sourceTree = "<group>";
		};
		0D4D6AD713DE3FE600F87B13 /* JSON */ = {
			isa = PBXGroup;
			children = (
				0D4D6AD813DE3FE600F87B13 /* CJSONDataSerializer.h */,
				0D4D6AD913DE3FE600F87B13 /* CJSONDataSerializer.m */,
				0D4D6ADA13DE3FE600F87B13 /* CJSONDeserializer.h */,
				0D4D6ADB13DE3FE600F87B13 /* CJSONDeserializer.m */,
				0D4D6ADC13DE3FE600F87B13 /* CJSONScanner.h */,
				0D4D6ADD13DE3FE600F87B13 /* CJSONScanner.m */,
				0D4D6ADE13DE3FE600F87B13 /* CJSONSerializer.h */,
				0D4D6ADF13DE3FE600F87B13 /* CJSONSerializer.m */,
				0D4D6AE013DE3FE600F87B13 /* CSerializedJSONData.h */,
				0D4D6AE113DE3FE600F87B13 /* CSerializedJSONData.m */,
			);
			path = JSON;
			sourceTree = "<group>";
		};
		0D872D7813EE799700361672 /* DataBase */ = {
			isa = PBXGroup;
			children = (
				0D872D7913EE7A0B00361672 /* Database.h */,
				0D872D7A13EE7A0B00361672 /* Database.m */,
			);
			name = DataBase;
			sourceTree = "<group>";
		};
		0D8E161C13D471580005CD0F = {
			isa = PBXGroup;
			children = (
				0D872D8413EE7DFF00361672 /* libsqlite3.0.dylib */,
				0D90AA2E13D69F13005FA104 /* Resources */,
				0D8E166913D471830005CD0F /* Classes */,
				0D8E163113D471580005CD0F /* Voice */,
				0D8E165613D471580005CD0F /* VoiceTests */,
				0D8E162A13D471580005CD0F /* Frameworks */,
				0D8E162813D471580005CD0F /* Products */,
			);
			sourceTree = "<group>";
		};
		0D8E162813D471580005CD0F /* Products */ = {
			isa = PBXGroup;
			children = (
				0D8E162713D471580005CD0F /* Voice.app */,
				0D8E165013D471580005CD0F /* VoiceTests.octest */,
			);
			name = Products;
			sourceTree = "<group>";
		};
		0D8E162A13D471580005CD0F /* Frameworks */ = {
			isa = PBXGroup;
			children = (
				0D4D6AC613DE3E1B00F87B13 /* libTapkuLibrary.a */,
				0DD5618913DE3D2800F928E6 /* TapkuLibrary.xcodeproj */,
				0D4D6AC213DE3DB300F87B13 /* MapKit.framework */,
				0D4D6AC013DE3DAB00F87B13 /* QuartzCore.framework */,
				E222058313D5B9CA006BA2A4 /* AVFoundation.framework */,
				0D8E162B13D471580005CD0F /* UIKit.framework */,
				0D8E162D13D471580005CD0F /* Foundation.framework */,
				0D8E162F13D471580005CD0F /* CoreGraphics.framework */,
				0D4D6AC813DE3FE600F87B13 /* TouchJSON */,
			);
			name = Frameworks;
			sourceTree = "<group>";
		};
		0D8E163113D471580005CD0F /* Voice */ = {
			isa = PBXGroup;
			children = (
				0D8E163A13D471580005CD0F /* VoiceAppDelegate.h */,
				0D8E163B13D471580005CD0F /* VoiceAppDelegate.m */,
				0D8E163D13D471580005CD0F /* iPhone */,
				0D8E164413D471580005CD0F /* iPad */,
				0D8E163213D471580005CD0F /* Supporting Files */,
			);
			path = Voice;
			sourceTree = "<group>";
		};
		0D8E163213D471580005CD0F /* Supporting Files */ = {
			isa = PBXGroup;
			children = (
				0D8E163313D471580005CD0F /* Voice-Info.plist */,
				0D8E163413D471580005CD0F /* InfoPlist.strings */,
				0D8E163713D471580005CD0F /* Voice-Prefix.pch */,
				0D8E163813D471580005CD0F /* main.m */,
			);
			name = "Supporting Files";
			sourceTree = "<group>";
		};
		0D8E163D13D471580005CD0F /* iPhone */ = {
			isa = PBXGroup;
			children = (
				0D8E163E13D471580005CD0F /* VoiceAppDelegate_iPhone.h */,
				0D8E163F13D471580005CD0F /* VoiceAppDelegate_iPhone.m */,
				0D8E164113D471580005CD0F /* MainWindow_iPhone.xib */,
			);
			name = iPhone;
			sourceTree = "<group>";
		};
		0D8E164413D471580005CD0F /* iPad */ = {
			isa = PBXGroup;
			children = (
				0D8E164513D471580005CD0F /* VoiceAppDelegate_iPad.h */,
				0D8E164613D471580005CD0F /* VoiceAppDelegate_iPad.m */,
				0D8E164813D471580005CD0F /* MainWindow_iPad.xib */,
			);
			name = iPad;
			sourceTree = "<group>";
		};
		0D8E165613D471580005CD0F /* VoiceTests */ = {
			isa = PBXGroup;
			children = (
				0D8E165D13D471580005CD0F /* VoiceTests.h */,
				0D8E165F13D471580005CD0F /* VoiceTests.m */,
				0D8E165713D471580005CD0F /* Supporting Files */,
			);
			path = VoiceTests;
			sourceTree = "<group>";
		};
		0D8E165713D471580005CD0F /* Supporting Files */ = {
			isa = PBXGroup;
			children = (
				0D4D6ABE13DE3D7600F87B13 /* TapkuLibrary.bundle */,
				0D8E165813D471580005CD0F /* VoiceTests-Info.plist */,
				0D8E165913D471580005CD0F /* InfoPlist.strings */,
				0D8E165C13D471580005CD0F /* VoiceTests-Prefix.pch */,
			);
			name = "Supporting Files";
			sourceTree = "<group>";
		};
		0D8E166913D471830005CD0F /* Classes */ = {
			isa = PBXGroup;
			children = (
				0D872D7813EE799700361672 /* DataBase */,
				0D3B8C9E13DC0892005898CD /* Cells */,
				E222056C13D5B89F006BA2A4 /* CourseParser */,
				0D8E166A13D471830005CD0F /* Favor */,
				0D8E166E13D471830005CD0F /* Listening */,
				0D8E167213D471830005CD0F /* Scene */,
				0D8E167913D471830005CD0F /* Setting */,
			);
			name = Classes;
			path = Voice/Classes;
			sourceTree = "<group>";
		};
		0D8E166A13D471830005CD0F /* Favor */ = {
			isa = PBXGroup;
			children = (
				0D8E166B13D471830005CD0F /* FavorViewController.h */,
				0D8E166C13D471830005CD0F /* FavorViewController.m */,
				0D8E166D13D471830005CD0F /* FavorViewController.xib */,
			);
			path = Favor;
			sourceTree = "<group>";
		};
		0D8E166E13D471830005CD0F /* Listening */ = {
			isa = PBXGroup;
			children = (
				0D8E166F13D471830005CD0F /* ListeningViewController.h */,
				0D8E167013D471830005CD0F /* ListeningViewController.m */,
				0D8E167113D471830005CD0F /* ListeningViewController.xib */,
				0D8632CA13E8083100F934AF /* ListeningToolbar.h */,
				0D8632CB13E8083100F934AF /* ListeningToolbar.m */,
				0D8632DD13E8383300F934AF /* ListeningVolumView.h */,
				0D8632DE13E8383400F934AF /* ListeningVolumView.m */,
				0D8632E013E8386500F934AF /* ListeningVolumView.xib */,
			);
			path = Listening;
			sourceTree = "<group>";
		};
		0D8E167213D471830005CD0F /* Scene */ = {
			isa = PBXGroup;
			children = (
				0D8E167313D471830005CD0F /* LessonsViewController.h */,
				0D8E167413D471830005CD0F /* LessonsViewController.m */,
				0D8E167513D471830005CD0F /* LessonsViewController.xib */,
				0D8E167613D471830005CD0F /* ScenesViewController.h */,
				0D8E167713D471830005CD0F /* ScenesViewController.m */,
				0D8E167813D471830005CD0F /* ScenesViewController.xib */,
				0D4D6B0213DE410800F87B13 /* ScenesCoverViewController.h */,
				0D4D6B0313DE410800F87B13 /* ScenesCoverViewController.m */,
			);
			path = Scene;
			sourceTree = "<group>";
		};
		0D8E167913D471830005CD0F /* Setting */ = {
			isa = PBXGroup;
			children = (
				0D8E167A13D471830005CD0F /* SettingViewController.h */,
				0D8E167B13D471830005CD0F /* SettingViewController.m */,
				0D8E167C13D471830005CD0F /* SettingViewController.xib */,
			);
			path = Setting;
			sourceTree = "<group>";
		};
		0D90AA2E13D69F13005FA104 /* Resources */ = {
			isa = PBXGroup;
			children = (
				0D90AA2F13D69F2C005FA104 /* Data */,
				0D872D7613EE78BC00361672 /* DataBase */,
				0D90ABD213D69F2C005FA104 /* Image */,
			);
			name = Resources;
			sourceTree = "<group>";
		};
		0DD5618A13DE3D2800F928E6 /* Products */ = {
			isa = PBXGroup;
			children = (
				0DD5619213DE3D2900F928E6 /* libTapkuLibrary.a */,
				0DD5619413DE3D2900F928E6 /* LogicTests.octest */,
			);
			name = Products;
			sourceTree = "<group>";
		};
		E222056C13D5B89F006BA2A4 /* CourseParser */ = {
			isa = PBXGroup;
			children = (
				E222056D13D5B89F006BA2A4 /* Course.h */,
				E222056E13D5B89F006BA2A4 /* Course.m */,
				E222056F13D5B89F006BA2A4 /* CourseParser.h */,
				E222057013D5B89F006BA2A4 /* CourseParser.m */,
				E222057113D5B89F006BA2A4 /* Lesson.h */,
				E222057213D5B89F006BA2A4 /* Lesson.m */,
				E222057313D5B89F006BA2A4 /* Sentence.h */,
				E222057413D5B89F006BA2A4 /* Sentence.m */,
				E222057513D5B89F006BA2A4 /* TBXML */,
				E222057A13D5B89F006BA2A4 /* Teacher.h */,
				E222057B13D5B89F006BA2A4 /* Teacher.m */,
			);
			path = CourseParser;
			sourceTree = "<group>";
		};
		E222057513D5B89F006BA2A4 /* TBXML */ = {
			isa = PBXGroup;
			children = (
				E222057613D5B89F006BA2A4 /* NSDataAdditions.h */,
				E222057713D5B89F006BA2A4 /* NSDataAdditions.m */,
				E222057813D5B89F006BA2A4 /* TBXML.h */,
				E222057913D5B89F006BA2A4 /* TBXML.m */,
			);
			path = TBXML;
			sourceTree = "<group>";
		};
/* End PBXGroup section */

/* Begin PBXNativeTarget section */
		0D8E162613D471580005CD0F /* Voice */ = {
			isa = PBXNativeTarget;
			buildConfigurationList = 0D8E166313D471580005CD0F /* Build configuration list for PBXNativeTarget "Voice" */;
			buildPhases = (
				0D8E162313D471580005CD0F /* Sources */,
				0D8E162413D471580005CD0F /* Frameworks */,
				0D8E162513D471580005CD0F /* Resources */,
			);
			buildRules = (
			);
			dependencies = (
				0D4D6AC513DE3DFE00F87B13 /* PBXTargetDependency */,
			);
			name = Voice;
			productName = Voice;
			productReference = 0D8E162713D471580005CD0F /* Voice.app */;
			productType = "com.apple.product-type.application";
		};
		0D8E164F13D471580005CD0F /* VoiceTests */ = {
			isa = PBXNativeTarget;
			buildConfigurationList = 0D8E166613D471580005CD0F /* Build configuration list for PBXNativeTarget "VoiceTests" */;
			buildPhases = (
				0D8E164B13D471580005CD0F /* Sources */,
				0D8E164C13D471580005CD0F /* Frameworks */,
				0D8E164D13D471580005CD0F /* Resources */,
				0D8E164E13D471580005CD0F /* ShellScript */,
			);
			buildRules = (
			);
			dependencies = (
				0D8E165513D471580005CD0F /* PBXTargetDependency */,
			);
			name = VoiceTests;
			productName = VoiceTests;
			productReference = 0D8E165013D471580005CD0F /* VoiceTests.octest */;
			productType = "com.apple.product-type.bundle";
		};
/* End PBXNativeTarget section */

/* Begin PBXProject section */
		0D8E161E13D471580005CD0F /* Project object */ = {
			isa = PBXProject;
			buildConfigurationList = 0D8E162113D471580005CD0F /* Build configuration list for PBXProject "Voice" */;
			compatibilityVersion = "Xcode 3.2";
			developmentRegion = English;
			hasScannedForEncodings = 0;
			knownRegions = (
				en,
			);
			mainGroup = 0D8E161C13D471580005CD0F;
			productRefGroup = 0D8E162813D471580005CD0F /* Products */;
			projectDirPath = "";
			projectReferences = (
				{
					ProductGroup = 0DD5618A13DE3D2800F928E6 /* Products */;
					ProjectRef = 0DD5618913DE3D2800F928E6 /* TapkuLibrary.xcodeproj */;
				},
			);
			projectRoot = "";
			targets = (
				0D8E162613D471580005CD0F /* Voice */,
				0D8E164F13D471580005CD0F /* VoiceTests */,
			);
		};
/* End PBXProject section */

/* Begin PBXReferenceProxy section */
		0DD5619213DE3D2900F928E6 /* libTapkuLibrary.a */ = {
			isa = PBXReferenceProxy;
			fileType = archive.ar;
			path = libTapkuLibrary.a;
			remoteRef = 0DD5619113DE3D2900F928E6 /* PBXContainerItemProxy */;
			sourceTree = BUILT_PRODUCTS_DIR;
		};
		0DD5619413DE3D2900F928E6 /* LogicTests.octest */ = {
			isa = PBXReferenceProxy;
			fileType = wrapper.cfbundle;
			path = LogicTests.octest;
			remoteRef = 0DD5619313DE3D2900F928E6 /* PBXContainerItemProxy */;
			sourceTree = BUILT_PRODUCTS_DIR;
		};
/* End PBXReferenceProxy section */

/* Begin PBXResourcesBuildPhase section */
		0D8E162513D471580005CD0F /* Resources */ = {
			isa = PBXResourcesBuildPhase;
			buildActionMask = 2147483647;
			files = (
				0D8E163613D471580005CD0F /* InfoPlist.strings in Resources */,
				0D8E164313D471580005CD0F /* MainWindow_iPhone.xib in Resources */,
				0D8E164A13D471580005CD0F /* MainWindow_iPad.xib in Resources */,
				0D8E167E13D471830005CD0F /* FavorViewController.xib in Resources */,
				0D8E168013D471830005CD0F /* ListeningViewController.xib in Resources */,
				0D8E168213D471830005CD0F /* LessonsViewController.xib in Resources */,
				0D8E168413D471830005CD0F /* ScenesViewController.xib in Resources */,
				0D8E168613D471830005CD0F /* SettingViewController.xib in Resources */,
				0D90ABD513D69F2C005FA104 /* Data in Resources */,
				0D90ABD613D69F2C005FA104 /* Image in Resources */,
				0D4D6ABF13DE3D7600F87B13 /* TapkuLibrary.bundle in Resources */,
				0D4D6AE213DE3FE600F87B13 /* LICENSE.txt in Resources */,
				0D4D6AE313DE3FE600F87B13 /* README.txt in Resources */,
				0D8632E113E8386500F934AF /* ListeningVolumView.xib in Resources */,
				0D872D7713EE78BC00361672 /* DataBase in Resources */,
			);
			runOnlyForDeploymentPostprocessing = 0;
		};
		0D8E164D13D471580005CD0F /* Resources */ = {
			isa = PBXResourcesBuildPhase;
			buildActionMask = 2147483647;
			files = (
				0D8E165B13D471580005CD0F /* InfoPlist.strings in Resources */,
				0D8E165E13D471580005CD0F /* VoiceTests.h in Resources */,
			);
			runOnlyForDeploymentPostprocessing = 0;
		};
/* End PBXResourcesBuildPhase section */

/* Begin PBXShellScriptBuildPhase section */
		0D8E164E13D471580005CD0F /* ShellScript */ = {
			isa = PBXShellScriptBuildPhase;
			buildActionMask = 2147483647;
			files = (
			);
			inputPaths = (
			);
			outputPaths = (
			);
			runOnlyForDeploymentPostprocessing = 0;
			shellPath = /bin/sh;
			shellScript = "# Run the unit tests in this test bundle.\n\"${SYSTEM_DEVELOPER_DIR}/Tools/RunUnitTests\"\n";
		};
/* End PBXShellScriptBuildPhase section */

/* Begin PBXSourcesBuildPhase section */
		0D8E162313D471580005CD0F /* Sources */ = {
			isa = PBXSourcesBuildPhase;
			buildActionMask = 2147483647;
			files = (
				0D8E163913D471580005CD0F /* main.m in Sources */,
				0D8E163C13D471580005CD0F /* VoiceAppDelegate.m in Sources */,
				0D8E164013D471580005CD0F /* VoiceAppDelegate_iPhone.m in Sources */,
				0D8E164713D471580005CD0F /* VoiceAppDelegate_iPad.m in Sources */,
				0D8E167D13D471830005CD0F /* FavorViewController.m in Sources */,
				0D8E167F13D471830005CD0F /* ListeningViewController.m in Sources */,
				0D8E168113D471830005CD0F /* LessonsViewController.m in Sources */,
				0D8E168313D471830005CD0F /* ScenesViewController.m in Sources */,
				0D8E168513D471830005CD0F /* SettingViewController.m in Sources */,
				E222057C13D5B89F006BA2A4 /* Course.m in Sources */,
				E222057D13D5B89F006BA2A4 /* CourseParser.m in Sources */,
				E222057E13D5B89F006BA2A4 /* Lesson.m in Sources */,
				E222057F13D5B89F006BA2A4 /* Sentence.m in Sources */,
				E222058013D5B89F006BA2A4 /* NSDataAdditions.m in Sources */,
				E222058113D5B89F006BA2A4 /* TBXML.m in Sources */,
				E222058213D5B89F006BA2A4 /* Teacher.m in Sources */,
				0D3B8CA113DC08B1005898CD /* UACellBackgroundView.m in Sources */,
				0D4D6AE413DE3FE600F87B13 /* CDataScanner.m in Sources */,
				0D4D6AE513DE3FE600F87B13 /* CDataScanner_Extensions.m in Sources */,
				0D4D6AE613DE3FE600F87B13 /* NSCharacterSet_Extensions.m in Sources */,
				0D4D6AE713DE3FE600F87B13 /* NSDictionary_JSONExtensions.m in Sources */,
				0D4D6AE813DE3FE600F87B13 /* NSScanner_Extensions.m in Sources */,
				0D4D6AE913DE3FE600F87B13 /* CJSONDataSerializer.m in Sources */,
				0D4D6AEA13DE3FE600F87B13 /* CJSONDeserializer.m in Sources */,
				0D4D6AEB13DE3FE600F87B13 /* CJSONScanner.m in Sources */,
				0D4D6AEC13DE3FE600F87B13 /* CJSONSerializer.m in Sources */,
				0D4D6AED13DE3FE600F87B13 /* CSerializedJSONData.m in Sources */,
				0D4D6B0413DE410800F87B13 /* ScenesCoverViewController.m in Sources */,
				0DC0218F13E45825007170F3 /* BubbleCell.m in Sources */,
				0D8632CC13E8083200F934AF /* ListeningToolbar.m in Sources */,
				0D8632DF13E8383400F934AF /* ListeningVolumView.m in Sources */,
				0D872D7B13EE7A0B00361672 /* Database.m in Sources */,
			);
			runOnlyForDeploymentPostprocessing = 0;
		};
		0D8E164B13D471580005CD0F /* Sources */ = {
			isa = PBXSourcesBuildPhase;
			buildActionMask = 2147483647;
			files = (
				0D8E166013D471580005CD0F /* VoiceTests.m in Sources */,
			);
			runOnlyForDeploymentPostprocessing = 0;
		};
/* End PBXSourcesBuildPhase section */

/* Begin PBXTargetDependency section */
		0D4D6AC513DE3DFE00F87B13 /* PBXTargetDependency */ = {
			isa = PBXTargetDependency;
			name = TapkuLibrary;
			targetProxy = 0D4D6AC413DE3DFE00F87B13 /* PBXContainerItemProxy */;
		};
		0D8E165513D471580005CD0F /* PBXTargetDependency */ = {
			isa = PBXTargetDependency;
			target = 0D8E162613D471580005CD0F /* Voice */;
			targetProxy = 0D8E165413D471580005CD0F /* PBXContainerItemProxy */;
		};
/* End PBXTargetDependency section */

/* Begin PBXVariantGroup section */
		0D8E163413D471580005CD0F /* InfoPlist.strings */ = {
			isa = PBXVariantGroup;
			children = (
				0D8E163513D471580005CD0F /* en */,
			);
			name = InfoPlist.strings;
			sourceTree = "<group>";
		};
		0D8E164113D471580005CD0F /* MainWindow_iPhone.xib */ = {
			isa = PBXVariantGroup;
			children = (
				0D8E164213D471580005CD0F /* en */,
			);
			name = MainWindow_iPhone.xib;
			sourceTree = "<group>";
		};
		0D8E164813D471580005CD0F /* MainWindow_iPad.xib */ = {
			isa = PBXVariantGroup;
			children = (
				0D8E164913D471580005CD0F /* en */,
			);
			name = MainWindow_iPad.xib;
			sourceTree = "<group>";
		};
		0D8E165913D471580005CD0F /* InfoPlist.strings */ = {
			isa = PBXVariantGroup;
			children = (
				0D8E165A13D471580005CD0F /* en */,
			);
			name = InfoPlist.strings;
			sourceTree = "<group>";
		};
/* End PBXVariantGroup section */

/* Begin XCBuildConfiguration section */
		0D8E166113D471580005CD0F /* Debug */ = {
			isa = XCBuildConfiguration;
			buildSettings = {
				ARCHS = "$(ARCHS_STANDARD_32_BIT)";
				"CODE_SIGN_IDENTITY[sdk=iphoneos*]" = "iPhone Developer";
				GCC_C_LANGUAGE_STANDARD = gnu99;
				GCC_OPTIMIZATION_LEVEL = 0;
				GCC_PREPROCESSOR_DEFINITIONS = DEBUG;
				GCC_SYMBOLS_PRIVATE_EXTERN = NO;
				GCC_VERSION = com.apple.compilers.llvmgcc42;
				GCC_WARN_ABOUT_RETURN_TYPE = YES;
				GCC_WARN_UNUSED_VARIABLE = YES;
				IPHONEOS_DEPLOYMENT_TARGET = 4.3;
				OTHER_LDFLAGS = "-lz";
				SDKROOT = iphoneos;
				TARGETED_DEVICE_FAMILY = "1,2";
			};
			name = Debug;
		};
		0D8E166213D471580005CD0F /* Release */ = {
			isa = XCBuildConfiguration;
			buildSettings = {
				ARCHS = "$(ARCHS_STANDARD_32_BIT)";
				"CODE_SIGN_IDENTITY[sdk=iphoneos*]" = "iPhone Developer";
				GCC_C_LANGUAGE_STANDARD = gnu99;
				GCC_VERSION = com.apple.compilers.llvmgcc42;
				GCC_WARN_ABOUT_RETURN_TYPE = YES;
				GCC_WARN_UNUSED_VARIABLE = YES;
				IPHONEOS_DEPLOYMENT_TARGET = 4.3;
				OTHER_CFLAGS = "-DNS_BLOCK_ASSERTIONS=1";
				OTHER_LDFLAGS = "-lz";
				SDKROOT = iphoneos;
				TARGETED_DEVICE_FAMILY = "1,2";
			};
			name = Release;
		};
		0D8E166413D471580005CD0F /* Debug */ = {
			isa = XCBuildConfiguration;
			buildSettings = {
				ALWAYS_SEARCH_USER_PATHS = NO;
				COPY_PHASE_STRIP = NO;
				GCC_DYNAMIC_NO_PIC = NO;
				GCC_PRECOMPILE_PREFIX_HEADER = YES;
				GCC_PREFIX_HEADER = "Voice/Voice-Prefix.pch";
				HEADER_SEARCH_PATHS = "$(SRCROOT)/Voice/TapKu/";
				INFOPLIST_FILE = "Voice/Voice-Info.plist";
				LIBRARY_SEARCH_PATHS = (
					"$(inherited)",
					"\"$(SRCROOT)\"",
				);
				OTHER_LDFLAGS = (
					"-lz",
					"-ObjC",
					"-all_load",
				);
				PRODUCT_NAME = "$(TARGET_NAME)";
				WRAPPER_EXTENSION = app;
			};
			name = Debug;
		};
		0D8E166513D471580005CD0F /* Release */ = {
			isa = XCBuildConfiguration;
			buildSettings = {
				ALWAYS_SEARCH_USER_PATHS = NO;
				COPY_PHASE_STRIP = YES;
				GCC_PRECOMPILE_PREFIX_HEADER = YES;
				GCC_PREFIX_HEADER = "Voice/Voice-Prefix.pch";
				HEADER_SEARCH_PATHS = "$(SRCROOT)/Voice/TapKu/";
				INFOPLIST_FILE = "Voice/Voice-Info.plist";
				LIBRARY_SEARCH_PATHS = (
					"$(inherited)",
					"\"$(SRCROOT)\"",
				);
				OTHER_LDFLAGS = (
					"-lz",
					"-ObjC",
					"-all_load",
				);
				PRODUCT_NAME = "$(TARGET_NAME)";
				VALIDATE_PRODUCT = YES;
				WRAPPER_EXTENSION = app;
			};
			name = Release;
		};
		0D8E166713D471580005CD0F /* Debug */ = {
			isa = XCBuildConfiguration;
			buildSettings = {
				ALWAYS_SEARCH_USER_PATHS = NO;
				BUNDLE_LOADER = "$(BUILT_PRODUCTS_DIR)/Voice.app/Voice";
				FRAMEWORK_SEARCH_PATHS = (
					"$(SDKROOT)/Developer/Library/Frameworks",
					"$(DEVELOPER_LIBRARY_DIR)/Frameworks",
				);
				GCC_PRECOMPILE_PREFIX_HEADER = YES;
				GCC_PREFIX_HEADER = "VoiceTests/VoiceTests-Prefix.pch";
				INFOPLIST_FILE = "VoiceTests/VoiceTests-Info.plist";
				OTHER_LDFLAGS = (
					"-framework",
					SenTestingKit,
				);
				PRODUCT_NAME = "$(TARGET_NAME)";
				TEST_HOST = "$(BUNDLE_LOADER)";
				WRAPPER_EXTENSION = octest;
			};
			name = Debug;
		};
		0D8E166813D471580005CD0F /* Release */ = {
			isa = XCBuildConfiguration;
			buildSettings = {
				ALWAYS_SEARCH_USER_PATHS = NO;
				BUNDLE_LOADER = "$(BUILT_PRODUCTS_DIR)/Voice.app/Voice";
				FRAMEWORK_SEARCH_PATHS = (
					"$(SDKROOT)/Developer/Library/Frameworks",
					"$(DEVELOPER_LIBRARY_DIR)/Frameworks",
				);
				GCC_PRECOMPILE_PREFIX_HEADER = YES;
				GCC_PREFIX_HEADER = "VoiceTests/VoiceTests-Prefix.pch";
				INFOPLIST_FILE = "VoiceTests/VoiceTests-Info.plist";
				OTHER_LDFLAGS = (
					"-framework",
					SenTestingKit,
				);
				PRODUCT_NAME = "$(TARGET_NAME)";
				TEST_HOST = "$(BUNDLE_LOADER)";
				WRAPPER_EXTENSION = octest;
			};
			name = Release;
		};
/* End XCBuildConfiguration section */

/* Begin XCConfigurationList section */
		0D8E162113D471580005CD0F /* Build configuration list for PBXProject "Voice" */ = {
			isa = XCConfigurationList;
			buildConfigurations = (
				0D8E166113D471580005CD0F /* Debug */,
				0D8E166213D471580005CD0F /* Release */,
			);
			defaultConfigurationIsVisible = 0;
			defaultConfigurationName = Release;
		};
		0D8E166313D471580005CD0F /* Build configuration list for PBXNativeTarget "Voice" */ = {
			isa = XCConfigurationList;
			buildConfigurations = (
				0D8E166413D471580005CD0F /* Debug */,
				0D8E166513D471580005CD0F /* Release */,
			);
			defaultConfigurationIsVisible = 0;
			defaultConfigurationName = Release;
		};
		0D8E166613D471580005CD0F /* Build configuration list for PBXNativeTarget "VoiceTests" */ = {
			isa = XCConfigurationList;
			buildConfigurations = (
				0D8E166713D471580005CD0F /* Debug */,
				0D8E166813D471580005CD0F /* Release */,
			);
			defaultConfigurationIsVisible = 0;
			defaultConfigurationName = Release;
		};
/* End XCConfigurationList section */
	};
	rootObject = 0D8E161E13D471580005CD0F /* Project object */;
}
