// !$*UTF8*$!
{
	archiveVersion = 1;
	classes = {
	};
	objectVersion = 46;
	objects = {

/* Begin PBXBuildFile section */
		0D8F318513D3F0A500096BC0 /* UIKit.framework in Frameworks */ = {isa = PBXBuildFile; fileRef = 0D8F318413D3F0A500096BC0 /* UIKit.framework */; };
		0D8F318713D3F0A500096BC0 /* Foundation.framework in Frameworks */ = {isa = PBXBuildFile; fileRef = 0D8F318613D3F0A500096BC0 /* Foundation.framework */; };
		0D8F318913D3F0A500096BC0 /* CoreGraphics.framework in Frameworks */ = {isa = PBXBuildFile; fileRef = 0D8F318813D3F0A500096BC0 /* CoreGraphics.framework */; };
		0D8F318F13D3F0A500096BC0 /* InfoPlist.strings in Resources */ = {isa = PBXBuildFile; fileRef = 0D8F318D13D3F0A500096BC0 /* InfoPlist.strings */; };
		0D8F319213D3F0A500096BC0 /* main.m in Sources */ = {isa = PBXBuildFile; fileRef = 0D8F319113D3F0A500096BC0 /* main.m */; };
		0D8F319513D3F0A500096BC0 /* VoiceAppDelegate.m in Sources */ = {isa = PBXBuildFile; fileRef = 0D8F319413D3F0A500096BC0 /* VoiceAppDelegate.m */; };
		0D8F319913D3F0A500096BC0 /* VoiceAppDelegate_iPhone.m in Sources */ = {isa = PBXBuildFile; fileRef = 0D8F319813D3F0A500096BC0 /* VoiceAppDelegate_iPhone.m */; };
		0D8F319C13D3F0A500096BC0 /* MainWindow_iPhone.xib in Resources */ = {isa = PBXBuildFile; fileRef = 0D8F319A13D3F0A500096BC0 /* MainWindow_iPhone.xib */; };
		0D8F31A013D3F0A500096BC0 /* VoiceAppDelegate_iPad.m in Sources */ = {isa = PBXBuildFile; fileRef = 0D8F319F13D3F0A500096BC0 /* VoiceAppDelegate_iPad.m */; };
		0D8F31A313D3F0A500096BC0 /* MainWindow_iPad.xib in Resources */ = {isa = PBXBuildFile; fileRef = 0D8F31A113D3F0A500096BC0 /* MainWindow_iPad.xib */; };
		0D8F31AA13D3F0A500096BC0 /* UIKit.framework in Frameworks */ = {isa = PBXBuildFile; fileRef = 0D8F318413D3F0A500096BC0 /* UIKit.framework */; };
		0D8F31AB13D3F0A500096BC0 /* Foundation.framework in Frameworks */ = {isa = PBXBuildFile; fileRef = 0D8F318613D3F0A500096BC0 /* Foundation.framework */; };
		0D8F31AC13D3F0A500096BC0 /* CoreGraphics.framework in Frameworks */ = {isa = PBXBuildFile; fileRef = 0D8F318813D3F0A500096BC0 /* CoreGraphics.framework */; };
		0D8F31B413D3F0A500096BC0 /* InfoPlist.strings in Resources */ = {isa = PBXBuildFile; fileRef = 0D8F31B213D3F0A500096BC0 /* InfoPlist.strings */; };
		0D8F31B713D3F0A500096BC0 /* VoiceTests.h in Resources */ = {isa = PBXBuildFile; fileRef = 0D8F31B613D3F0A500096BC0 /* VoiceTests.h */; };
		0D8F31B913D3F0A500096BC0 /* VoiceTests.m in Sources */ = {isa = PBXBuildFile; fileRef = 0D8F31B813D3F0A500096BC0 /* VoiceTests.m */; };
/* End PBXBuildFile section */

/* Begin PBXContainerItemProxy section */
		0D8F31AD13D3F0A500096BC0 /* PBXContainerItemProxy */ = {
			isa = PBXContainerItemProxy;
			containerPortal = 0D8F317713D3F0A400096BC0 /* Project object */;
			proxyType = 1;
			remoteGlobalIDString = 0D8F317F13D3F0A400096BC0;
			remoteInfo = Voice;
		};
/* End PBXContainerItemProxy section */

/* Begin PBXFileReference section */
		0D8F318013D3F0A400096BC0 /* Voice.app */ = {isa = PBXFileReference; explicitFileType = wrapper.application; includeInIndex = 0; path = Voice.app; sourceTree = BUILT_PRODUCTS_DIR; };
		0D8F318413D3F0A500096BC0 /* UIKit.framework */ = {isa = PBXFileReference; lastKnownFileType = wrapper.framework; name = UIKit.framework; path = System/Library/Frameworks/UIKit.framework; sourceTree = SDKROOT; };
		0D8F318613D3F0A500096BC0 /* Foundation.framework */ = {isa = PBXFileReference; lastKnownFileType = wrapper.framework; name = Foundation.framework; path = System/Library/Frameworks/Foundation.framework; sourceTree = SDKROOT; };
		0D8F318813D3F0A500096BC0 /* CoreGraphics.framework */ = {isa = PBXFileReference; lastKnownFileType = wrapper.framework; name = CoreGraphics.framework; path = System/Library/Frameworks/CoreGraphics.framework; sourceTree = SDKROOT; };
		0D8F318C13D3F0A500096BC0 /* Voice-Info.plist */ = {isa = PBXFileReference; path = "Voice-Info.plist"; sourceTree = "<group>"; };
		0D8F318E13D3F0A500096BC0 /* en */ = {isa = PBXFileReference; lastKnownFileType = text.plist.strings; name = en; path = en.lproj/InfoPlist.strings; sourceTree = "<group>"; };
		0D8F319013D3F0A500096BC0 /* Voice-Prefix.pch */ = {isa = PBXFileReference; path = "Voice-Prefix.pch"; sourceTree = "<group>"; };
		0D8F319113D3F0A500096BC0 /* main.m */ = {isa = PBXFileReference; lastKnownFileType = sourcecode.c.objc; path = main.m; sourceTree = "<group>"; };
		0D8F319313D3F0A500096BC0 /* VoiceAppDelegate.h */ = {isa = PBXFileReference; path = VoiceAppDelegate.h; sourceTree = "<group>"; };
		0D8F319413D3F0A500096BC0 /* VoiceAppDelegate.m */ = {isa = PBXFileReference; lastKnownFileType = sourcecode.c.objc; path = VoiceAppDelegate.m; sourceTree = "<group>"; };
		0D8F319713D3F0A500096BC0 /* VoiceAppDelegate_iPhone.h */ = {isa = PBXFileReference; name = VoiceAppDelegate_iPhone.h; path = iPhone/VoiceAppDelegate_iPhone.h; sourceTree = "<group>"; };
		0D8F319813D3F0A500096BC0 /* VoiceAppDelegate_iPhone.m */ = {isa = PBXFileReference; lastKnownFileType = sourcecode.c.objc; name = VoiceAppDelegate_iPhone.m; path = iPhone/VoiceAppDelegate_iPhone.m; sourceTree = "<group>"; };
		0D8F319B13D3F0A500096BC0 /* en */ = {isa = PBXFileReference; lastKnownFileType = file.xib; name = en; path = iPhone/en.lproj/MainWindow_iPhone.xib; sourceTree = "<group>"; };
		0D8F319E13D3F0A500096BC0 /* VoiceAppDelegate_iPad.h */ = {isa = PBXFileReference; name = VoiceAppDelegate_iPad.h; path = iPad/VoiceAppDelegate_iPad.h; sourceTree = "<group>"; };
		0D8F319F13D3F0A500096BC0 /* VoiceAppDelegate_iPad.m */ = {isa = PBXFileReference; lastKnownFileType = sourcecode.c.objc; name = VoiceAppDelegate_iPad.m; path = iPad/VoiceAppDelegate_iPad.m; sourceTree = "<group>"; };
		0D8F31A213D3F0A500096BC0 /* en */ = {isa = PBXFileReference; lastKnownFileType = file.xib; name = en; path = iPad/en.lproj/MainWindow_iPad.xib; sourceTree = "<group>"; };
		0D8F31A913D3F0A500096BC0 /* VoiceTests.octest */ = {isa = PBXFileReference; explicitFileType = wrapper.cfbundle; includeInIndex = 0; path = VoiceTests.octest; sourceTree = BUILT_PRODUCTS_DIR; };
		0D8F31B113D3F0A500096BC0 /* VoiceTests-Info.plist */ = {isa = PBXFileReference; path = "VoiceTests-Info.plist"; sourceTree = "<group>"; };
		0D8F31B313D3F0A500096BC0 /* en */ = {isa = PBXFileReference; lastKnownFileType = text.plist.strings; name = en; path = en.lproj/InfoPlist.strings; sourceTree = "<group>"; };
		0D8F31B513D3F0A500096BC0 /* VoiceTests-Prefix.pch */ = {isa = PBXFileReference; path = "VoiceTests-Prefix.pch"; sourceTree = "<group>"; };
		0D8F31B613D3F0A500096BC0 /* VoiceTests.h */ = {isa = PBXFileReference; lastKnownFileType = sourcecode.c.h; path = VoiceTests.h; sourceTree = "<group>"; };
		0D8F31B813D3F0A500096BC0 /* VoiceTests.m */ = {isa = PBXFileReference; lastKnownFileType = sourcecode.c.objc; path = VoiceTests.m; sourceTree = "<group>"; };
/* End PBXFileReference section */

/* Begin PBXFrameworksBuildPhase section */
		0D8F317D13D3F0A400096BC0 /* Frameworks */ = {
			isa = PBXFrameworksBuildPhase;
			buildActionMask = 2147483647;
			files = (
				0D8F318513D3F0A500096BC0 /* UIKit.framework in Frameworks */,
				0D8F318713D3F0A500096BC0 /* Foundation.framework in Frameworks */,
				0D8F318913D3F0A500096BC0 /* CoreGraphics.framework in Frameworks */,
			);
			runOnlyForDeploymentPostprocessing = 0;
		};
		0D8F31A513D3F0A500096BC0 /* Frameworks */ = {
			isa = PBXFrameworksBuildPhase;
			buildActionMask = 2147483647;
			files = (
				0D8F31AA13D3F0A500096BC0 /* UIKit.framework in Frameworks */,
				0D8F31AB13D3F0A500096BC0 /* Foundation.framework in Frameworks */,
				0D8F31AC13D3F0A500096BC0 /* CoreGraphics.framework in Frameworks */,
			);
			runOnlyForDeploymentPostprocessing = 0;
		};
/* End PBXFrameworksBuildPhase section */

/* Begin PBXGroup section */
		0D8F317513D3F0A400096BC0 = {
			isa = PBXGroup;
			children = (
				0D8F318A13D3F0A500096BC0 /* Voice */,
				0D8F31AF13D3F0A500096BC0 /* VoiceTests */,
				0D8F318313D3F0A500096BC0 /* Frameworks */,
				0D8F318113D3F0A400096BC0 /* Products */,
			);
			sourceTree = "<group>";
		};
		0D8F318113D3F0A400096BC0 /* Products */ = {
			isa = PBXGroup;
			children = (
				0D8F318013D3F0A400096BC0 /* Voice.app */,
				0D8F31A913D3F0A500096BC0 /* VoiceTests.octest */,
			);
			name = Products;
			sourceTree = "<group>";
		};
		0D8F318313D3F0A500096BC0 /* Frameworks */ = {
			isa = PBXGroup;
			children = (
				0D8F318413D3F0A500096BC0 /* UIKit.framework */,
				0D8F318613D3F0A500096BC0 /* Foundation.framework */,
				0D8F318813D3F0A500096BC0 /* CoreGraphics.framework */,
			);
			name = Frameworks;
			sourceTree = "<group>";
		};
		0D8F318A13D3F0A500096BC0 /* Voice */ = {
			isa = PBXGroup;
			children = (
				0D8F319313D3F0A500096BC0 /* VoiceAppDelegate.h */,
				0D8F319413D3F0A500096BC0 /* VoiceAppDelegate.m */,
				0D8F319613D3F0A500096BC0 /* iPhone */,
				0D8F319D13D3F0A500096BC0 /* iPad */,
				0D8F318B13D3F0A500096BC0 /* Supporting Files */,
			);
			path = Voice;
			sourceTree = "<group>";
		};
		0D8F318B13D3F0A500096BC0 /* Supporting Files */ = {
			isa = PBXGroup;
			children = (
				0D8F318C13D3F0A500096BC0 /* Voice-Info.plist */,
				0D8F318D13D3F0A500096BC0 /* InfoPlist.strings */,
				0D8F319013D3F0A500096BC0 /* Voice-Prefix.pch */,
				0D8F319113D3F0A500096BC0 /* main.m */,
			);
			name = "Supporting Files";
			sourceTree = "<group>";
		};
		0D8F319613D3F0A500096BC0 /* iPhone */ = {
			isa = PBXGroup;
			children = (
				0D8F319713D3F0A500096BC0 /* VoiceAppDelegate_iPhone.h */,
				0D8F319813D3F0A500096BC0 /* VoiceAppDelegate_iPhone.m */,
				0D8F319A13D3F0A500096BC0 /* MainWindow_iPhone.xib */,
			);
			name = iPhone;
			sourceTree = "<group>";
		};
		0D8F319D13D3F0A500096BC0 /* iPad */ = {
			isa = PBXGroup;
			children = (
				0D8F319E13D3F0A500096BC0 /* VoiceAppDelegate_iPad.h */,
				0D8F319F13D3F0A500096BC0 /* VoiceAppDelegate_iPad.m */,
				0D8F31A113D3F0A500096BC0 /* MainWindow_iPad.xib */,
			);
			name = iPad;
			sourceTree = "<group>";
		};
		0D8F31AF13D3F0A500096BC0 /* VoiceTests */ = {
			isa = PBXGroup;
			children = (
				0D8F31B613D3F0A500096BC0 /* VoiceTests.h */,
				0D8F31B813D3F0A500096BC0 /* VoiceTests.m */,
				0D8F31B013D3F0A500096BC0 /* Supporting Files */,
			);
			path = VoiceTests;
			sourceTree = "<group>";
		};
		0D8F31B013D3F0A500096BC0 /* Supporting Files */ = {
			isa = PBXGroup;
			children = (
				0D8F31B113D3F0A500096BC0 /* VoiceTests-Info.plist */,
				0D8F31B213D3F0A500096BC0 /* InfoPlist.strings */,
				0D8F31B513D3F0A500096BC0 /* VoiceTests-Prefix.pch */,
			);
			name = "Supporting Files";
			sourceTree = "<group>";
		};
/* End PBXGroup section */

/* Begin PBXNativeTarget section */
		0D8F317F13D3F0A400096BC0 /* Voice */ = {
			isa = PBXNativeTarget;
			buildConfigurationList = 0D8F31BC13D3F0A500096BC0 /* Build configuration list for PBXNativeTarget "Voice" */;
			buildPhases = (
				0D8F317C13D3F0A400096BC0 /* Sources */,
				0D8F317D13D3F0A400096BC0 /* Frameworks */,
				0D8F317E13D3F0A400096BC0 /* Resources */,
			);
			buildRules = (
			);
			dependencies = (
			);
			name = Voice;
			productName = Voice;
			productReference = 0D8F318013D3F0A400096BC0 /* Voice.app */;
			productType = "com.apple.product-type.application";
		};
		0D8F31A813D3F0A500096BC0 /* VoiceTests */ = {
			isa = PBXNativeTarget;
			buildConfigurationList = 0D8F31BF13D3F0A500096BC0 /* Build configuration list for PBXNativeTarget "VoiceTests" */;
			buildPhases = (
				0D8F31A413D3F0A500096BC0 /* Sources */,
				0D8F31A513D3F0A500096BC0 /* Frameworks */,
				0D8F31A613D3F0A500096BC0 /* Resources */,
				0D8F31A713D3F0A500096BC0 /* ShellScript */,
			);
			buildRules = (
			);
			dependencies = (
				0D8F31AE13D3F0A500096BC0 /* PBXTargetDependency */,
			);
			name = VoiceTests;
			productName = VoiceTests;
			productReference = 0D8F31A913D3F0A500096BC0 /* VoiceTests.octest */;
			productType = "com.apple.product-type.bundle";
		};
/* End PBXNativeTarget section */

/* Begin PBXProject section */
		0D8F317713D3F0A400096BC0 /* Project object */ = {
			isa = PBXProject;
			buildConfigurationList = 0D8F317A13D3F0A400096BC0 /* Build configuration list for PBXProject "Voice" */;
			compatibilityVersion = "Xcode 3.2";
			developmentRegion = English;
			hasScannedForEncodings = 0;
			knownRegions = (
				en,
			);
			mainGroup = 0D8F317513D3F0A400096BC0;
			productRefGroup = 0D8F318113D3F0A400096BC0 /* Products */;
			projectDirPath = "";
			projectRoot = "";
			targets = (
				0D8F317F13D3F0A400096BC0 /* Voice */,
				0D8F31A813D3F0A500096BC0 /* VoiceTests */,
			);
		};
/* End PBXProject section */

/* Begin PBXResourcesBuildPhase section */
		0D8F317E13D3F0A400096BC0 /* Resources */ = {
			isa = PBXResourcesBuildPhase;
			buildActionMask = 2147483647;
			files = (
				0D8F318F13D3F0A500096BC0 /* InfoPlist.strings in Resources */,
				0D8F319C13D3F0A500096BC0 /* MainWindow_iPhone.xib in Resources */,
				0D8F31A313D3F0A500096BC0 /* MainWindow_iPad.xib in Resources */,
			);
			runOnlyForDeploymentPostprocessing = 0;
		};
		0D8F31A613D3F0A500096BC0 /* Resources */ = {
			isa = PBXResourcesBuildPhase;
			buildActionMask = 2147483647;
			files = (
				0D8F31B413D3F0A500096BC0 /* InfoPlist.strings in Resources */,
				0D8F31B713D3F0A500096BC0 /* VoiceTests.h in Resources */,
			);
			runOnlyForDeploymentPostprocessing = 0;
		};
/* End PBXResourcesBuildPhase section */

/* Begin PBXShellScriptBuildPhase section */
		0D8F31A713D3F0A500096BC0 /* ShellScript */ = {
			isa = PBXShellScriptBuildPhase;
			buildActionMask = 2147483647;
			files = (
			);
			inputPaths = (
			);
			outputPaths = (
			);
			runOnlyForDeploymentPostprocessing = 0;
			shellPath = /bin/sh;
			shellScript = "# Run the unit tests in this test bundle.\n\"${SYSTEM_DEVELOPER_DIR}/Tools/RunUnitTests\"\n";
		};
/* End PBXShellScriptBuildPhase section */

/* Begin PBXSourcesBuildPhase section */
		0D8F317C13D3F0A400096BC0 /* Sources */ = {
			isa = PBXSourcesBuildPhase;
			buildActionMask = 2147483647;
			files = (
				0D8F319213D3F0A500096BC0 /* main.m in Sources */,
				0D8F319513D3F0A500096BC0 /* VoiceAppDelegate.m in Sources */,
				0D8F319913D3F0A500096BC0 /* VoiceAppDelegate_iPhone.m in Sources */,
				0D8F31A013D3F0A500096BC0 /* VoiceAppDelegate_iPad.m in Sources */,
			);
			runOnlyForDeploymentPostprocessing = 0;
		};
		0D8F31A413D3F0A500096BC0 /* Sources */ = {
			isa = PBXSourcesBuildPhase;
			buildActionMask = 2147483647;
			files = (
				0D8F31B913D3F0A500096BC0 /* VoiceTests.m in Sources */,
			);
			runOnlyForDeploymentPostprocessing = 0;
		};
/* End PBXSourcesBuildPhase section */

/* Begin PBXTargetDependency section */
		0D8F31AE13D3F0A500096BC0 /* PBXTargetDependency */ = {
			isa = PBXTargetDependency;
			target = 0D8F317F13D3F0A400096BC0 /* Voice */;
			targetProxy = 0D8F31AD13D3F0A500096BC0 /* PBXContainerItemProxy */;
		};
/* End PBXTargetDependency section */

/* Begin PBXVariantGroup section */
		0D8F318D13D3F0A500096BC0 /* InfoPlist.strings */ = {
			isa = PBXVariantGroup;
			children = (
				0D8F318E13D3F0A500096BC0 /* en */,
			);
			name = InfoPlist.strings;
			sourceTree = "<group>";
		};
		0D8F319A13D3F0A500096BC0 /* MainWindow_iPhone.xib */ = {
			isa = PBXVariantGroup;
			children = (
				0D8F319B13D3F0A500096BC0 /* en */,
			);
			name = MainWindow_iPhone.xib;
			sourceTree = "<group>";
		};
		0D8F31A113D3F0A500096BC0 /* MainWindow_iPad.xib */ = {
			isa = PBXVariantGroup;
			children = (
				0D8F31A213D3F0A500096BC0 /* en */,
			);
			name = MainWindow_iPad.xib;
			sourceTree = "<group>";
		};
		0D8F31B213D3F0A500096BC0 /* InfoPlist.strings */ = {
			isa = PBXVariantGroup;
			children = (
				0D8F31B313D3F0A500096BC0 /* en */,
			);
			name = InfoPlist.strings;
			sourceTree = "<group>";
		};
/* End PBXVariantGroup section */

/* Begin XCBuildConfiguration section */
		0D8F31BA13D3F0A500096BC0 /* Debug */ = {
			isa = XCBuildConfiguration;
			buildSettings = {
				ARCHS = "$(ARCHS_STANDARD_32_BIT)";
				"CODE_SIGN_IDENTITY[sdk=iphoneos*]" = "iPhone Developer";
				GCC_C_LANGUAGE_STANDARD = gnu99;
				GCC_OPTIMIZATION_LEVEL = 0;
				GCC_PREPROCESSOR_DEFINITIONS = DEBUG;
				GCC_SYMBOLS_PRIVATE_EXTERN = NO;
				GCC_VERSION = com.apple.compilers.llvmgcc42;
				GCC_WARN_ABOUT_RETURN_TYPE = YES;
				GCC_WARN_UNUSED_VARIABLE = YES;
				IPHONEOS_DEPLOYMENT_TARGET = 4.3;
				SDKROOT = iphoneos;
				TARGETED_DEVICE_FAMILY = "1,2";
			};
			name = Debug;
		};
		0D8F31BB13D3F0A500096BC0 /* Release */ = {
			isa = XCBuildConfiguration;
			buildSettings = {
				ARCHS = "$(ARCHS_STANDARD_32_BIT)";
				"CODE_SIGN_IDENTITY[sdk=iphoneos*]" = "iPhone Developer";
				GCC_C_LANGUAGE_STANDARD = gnu99;
				GCC_VERSION = com.apple.compilers.llvmgcc42;
				GCC_WARN_ABOUT_RETURN_TYPE = YES;
				GCC_WARN_UNUSED_VARIABLE = YES;
				IPHONEOS_DEPLOYMENT_TARGET = 4.3;
				OTHER_CFLAGS = "-DNS_BLOCK_ASSERTIONS=1";
				SDKROOT = iphoneos;
				TARGETED_DEVICE_FAMILY = "1,2";
			};
			name = Release;
		};
		0D8F31BD13D3F0A500096BC0 /* Debug */ = {
			isa = XCBuildConfiguration;
			buildSettings = {
				ALWAYS_SEARCH_USER_PATHS = NO;
				COPY_PHASE_STRIP = NO;
				GCC_DYNAMIC_NO_PIC = NO;
				GCC_PRECOMPILE_PREFIX_HEADER = YES;
				GCC_PREFIX_HEADER = "Voice/Voice-Prefix.pch";
				INFOPLIST_FILE = "Voice/Voice-Info.plist";
				PRODUCT_NAME = "$(TARGET_NAME)";
				WRAPPER_EXTENSION = app;
			};
			name = Debug;
		};
		0D8F31BE13D3F0A500096BC0 /* Release */ = {
			isa = XCBuildConfiguration;
			buildSettings = {
				ALWAYS_SEARCH_USER_PATHS = NO;
				COPY_PHASE_STRIP = YES;
				GCC_PRECOMPILE_PREFIX_HEADER = YES;
				GCC_PREFIX_HEADER = "Voice/Voice-Prefix.pch";
				INFOPLIST_FILE = "Voice/Voice-Info.plist";
				PRODUCT_NAME = "$(TARGET_NAME)";
				VALIDATE_PRODUCT = YES;
				WRAPPER_EXTENSION = app;
			};
			name = Release;
		};
		0D8F31C013D3F0A500096BC0 /* Debug */ = {
			isa = XCBuildConfiguration;
			buildSettings = {
				ALWAYS_SEARCH_USER_PATHS = NO;
				BUNDLE_LOADER = "$(BUILT_PRODUCTS_DIR)/Voice.app/Voice";
				FRAMEWORK_SEARCH_PATHS = (
					"$(SDKROOT)/Developer/Library/Frameworks",
					"$(DEVELOPER_LIBRARY_DIR)/Frameworks",
				);
				GCC_PRECOMPILE_PREFIX_HEADER = YES;
				GCC_PREFIX_HEADER = "VoiceTests/VoiceTests-Prefix.pch";
				INFOPLIST_FILE = "VoiceTests/VoiceTests-Info.plist";
				OTHER_LDFLAGS = (
					"-framework",
					SenTestingKit,
				);
				PRODUCT_NAME = "$(TARGET_NAME)";
				TEST_HOST = "$(BUNDLE_LOADER)";
				WRAPPER_EXTENSION = octest;
			};
			name = Debug;
		};
		0D8F31C113D3F0A500096BC0 /* Release */ = {
			isa = XCBuildConfiguration;
			buildSettings = {
				ALWAYS_SEARCH_USER_PATHS = NO;
				BUNDLE_LOADER = "$(BUILT_PRODUCTS_DIR)/Voice.app/Voice";
				FRAMEWORK_SEARCH_PATHS = (
					"$(SDKROOT)/Developer/Library/Frameworks",
					"$(DEVELOPER_LIBRARY_DIR)/Frameworks",
				);
				GCC_PRECOMPILE_PREFIX_HEADER = YES;
				GCC_PREFIX_HEADER = "VoiceTests/VoiceTests-Prefix.pch";
				INFOPLIST_FILE = "VoiceTests/VoiceTests-Info.plist";
				OTHER_LDFLAGS = (
					"-framework",
					SenTestingKit,
				);
				PRODUCT_NAME = "$(TARGET_NAME)";
				TEST_HOST = "$(BUNDLE_LOADER)";
				WRAPPER_EXTENSION = octest;
			};
			name = Release;
		};
/* End XCBuildConfiguration section */

/* Begin XCConfigurationList section */
		0D8F317A13D3F0A400096BC0 /* Build configuration list for PBXProject "Voice" */ = {
			isa = XCConfigurationList;
			buildConfigurations = (
				0D8F31BA13D3F0A500096BC0 /* Debug */,
				0D8F31BB13D3F0A500096BC0 /* Release */,
			);
			defaultConfigurationIsVisible = 0;
			defaultConfigurationName = Release;
		};
		0D8F31BC13D3F0A500096BC0 /* Build configuration list for PBXNativeTarget "Voice" */ = {
			isa = XCConfigurationList;
			buildConfigurations = (
				0D8F31BD13D3F0A500096BC0 /* Debug */,
				0D8F31BE13D3F0A500096BC0 /* Release */,
			);
			defaultConfigurationIsVisible = 0;
		};
		0D8F31BF13D3F0A500096BC0 /* Build configuration list for PBXNativeTarget "VoiceTests" */ = {
			isa = XCConfigurationList;
			buildConfigurations = (
				0D8F31C013D3F0A500096BC0 /* Debug */,
				0D8F31C113D3F0A500096BC0 /* Release */,
			);
			defaultConfigurationIsVisible = 0;
		};
/* End XCConfigurationList section */
	};
	rootObject = 0D8F317713D3F0A400096BC0 /* Project object */;
}
